
Microsoft Visual Studio Solution File, Format Version 12.00
# Visual Studio Version 17
VisualStudioVersion = 17.5.33530.505
MinimumVisualStudioVersion = 10.0.40219.1
Project("{FAE04EC0-301F-11D3-BF4B-00C04F79EFBC}") = "B3DigitalTest", "B3DigitalTest\B3DigitalTest.csproj", "{EB88CD7B-29DD-4018-9A1D-181E57F5E0DF}"
EndProject
Project("{FAE04EC0-301F-11D3-BF4B-00C04F79EFBC}") = "B3DigitalService", "B3DigitalService\B3DigitalService.csproj", "{F82A1057-4F12-4952-AC8A-D0BF64102298}"
EndProject
Project("{FAE04EC0-301F-11D3-BF4B-00C04F79EFBC}") = "B3DigitalModel", "B3DigitalModel\B3DigitalModel.csproj", "{641BDCD1-7EAA-4EA3-80A0-566485763AB8}"
EndProject
Global
	GlobalSection(SolutionConfigurationPlatforms) = preSolution
		Debug|Any CPU = Debug|Any CPU
		Release|Any CPU = Release|Any CPU
	EndGlobalSection
	GlobalSection(ProjectConfigurationPlatforms) = postSolution
		{EB88CD7B-29DD-4018-9A1D-181E57F5E0DF}.Debug|Any CPU.ActiveCfg = Debug|Any CPU
		{EB88CD7B-29DD-4018-9A1D-181E57F5E0DF}.Debug|Any CPU.Build.0 = Debug|Any CPU
		{EB88CD7B-29DD-4018-9A1D-181E57F5E0DF}.Release|Any CPU.ActiveCfg = Release|Any CPU
		{EB88CD7B-29DD-4018-9A1D-181E57F5E0DF}.Release|Any CPU.Build.0 = Release|Any CPU
		{F82A1057-4F12-4952-AC8A-D0BF64102298}.Debug|Any CPU.ActiveCfg = Debug|Any CPU
		{F82A1057-4F12-4952-AC8A-D0BF64102298}.Debug|Any CPU.Build.0 = Debug|Any CPU
		{F82A1057-4F12-4952-AC8A-D0BF64102298}.Release|Any CPU.ActiveCfg = Release|Any CPU
		{F82A1057-4F12-4952-AC8A-D0BF64102298}.Release|Any CPU.Build.0 = Release|Any CPU
		{641BDCD1-7EAA-4EA3-80A0-566485763AB8}.Debug|Any CPU.ActiveCfg = Debug|Any CPU
		{641BDCD1-7EAA-4EA3-80A0-566485763AB8}.Debug|Any CPU.Build.0 = Debug|Any CPU
		{641BDCD1-7EAA-4EA3-80A0-566485763AB8}.Release|Any CPU.ActiveCfg = Release|Any CPU
		{641BDCD1-7EAA-4EA3-80A0-566485763AB8}.Release|Any CPU.Build.0 = Release|Any CPU
	EndGlobalSection
	GlobalSection(SolutionProperties) = preSolution
		HideSolutionNode = FALSE
	EndGlobalSection
	GlobalSection(ExtensibilityGlobals) = postSolution
		SolutionGuid = {F8FC9AEE-8A7A-4387-86A0-3C684A85AB7F}
	EndGlobalSection
EndGlobal
